dependencies:
- name: common
  repository: file://./charts/common
  version: 2.27.0
- name: etcd
  repository: file://./charts/etcd
  version: 11.1.6
- name: redis
  repository: file://./charts/redis
  version: 17.17.1
- name: mongodb
  repository: file://./charts/mongodb
  version: 13.18.5
- name: grafana
  repository: file://./charts/grafana
  version: 10.5.14
- name: tempo
  repository: file://./charts/tempo
  version: 1.23.3
- name: pyroscope
  repository: file://./charts/pyroscope
  version: 2.3.1
- name: opentelemetry-collector
  repository: file://./charts/opentelemetry-collector
  version: 0.130.2
- name: prometheus
  repository: file://./charts/prometheus
  version: 29.30.1
- name: loki
  repository: file://./charts/loki
  version: 3.8.2
- name: alloy
  repository: file://./charts/alloy
  version: 1.12.1
digest: sha256:9b5a4d18db6c558506c815c3c0af33bd5a38e57657f4cc646b4053e494a89a7c
generated: "2026-09-21T16:44:35.843588519+08:00"
