dependencies:
- name: common
  repository: file://./charts/common
  version: 2.27.0
- name: etcd
  repository: file://./charts/etcd
  version: 11.1.6
- name: redis
  repository: file://./charts/redis
  version: 17.17.1
- name: mongodb
  repository: file://./charts/mongodb
  version: 13.18.5
- name: grafana
  repository: file://./charts/grafana
  version: 10.5.14
- name: tempo
  repository: file://./charts/tempo
  version: 1.23.3
- name: opentelemetry-collector
  repository: file://./charts/opentelemetry-collector
  version: 0.130.2
- name: prometheus
  repository: file://./charts/prometheus
  version: 29.30.1
- name: loki
  repository: file://./charts/loki
  version: 3.8.2
- name: alloy
  repository: file://./charts/alloy
  version: 1.12.1
digest: sha256:a5bb921821e3d9d68fb79cb9441ca4bc7fe1a7f44bc7b47edc3f99229ec40ca3
generated: "2026-09-19T13:18:05.289130787+08:00"
